
Microsoft Visual Studio Solution File, Format Version 12.00
# Visual Studio 15
VisualStudioVersion = 15.0.28307.1525
MinimumVisualStudioVersion = 10.0.40219.1
Project("{FAE04EC0-301F-11D3-BF4B-00C04F79EFBC}") = "OthelloGameUI", "OthelloGameUI\OthelloGameUI.csproj", "{47F152C6-E8C5-4980-83BA-40C5E687A765}"
EndProject
Project("{FAE04EC0-301F-11D3-BF4B-00C04F79EFBC}") = "OthelloGame", "OthelloGame\OthelloGame.csproj", "{830BEEC1-697F-4C16-A89B-4348CC2759B7}"
EndProject
Global
	GlobalSection(SolutionConfigurationPlatforms) = preSolution
		Debug|Any CPU = Debug|Any CPU
		Release|Any CPU = Release|Any CPU
	EndGlobalSection
	GlobalSection(ProjectConfigurationPlatforms) = postSolution
		{47F152C6-E8C5-4980-83BA-40C5E687A765}.Debug|Any CPU.ActiveCfg = Debug|Any CPU
		{47F152C6-E8C5-4980-83BA-40C5E687A765}.Debug|Any CPU.Build.0 = Debug|Any CPU
		{47F152C6-E8C5-4980-83BA-40C5E687A765}.Release|Any CPU.ActiveCfg = Release|Any CPU
		{47F152C6-E8C5-4980-83BA-40C5E687A765}.Release|Any CPU.Build.0 = Release|Any CPU
		{830BEEC1-697F-4C16-A89B-4348CC2759B7}.Debug|Any CPU.ActiveCfg = Debug|Any CPU
		{830BEEC1-697F-4C16-A89B-4348CC2759B7}.Debug|Any CPU.Build.0 = Debug|Any CPU
		{830BEEC1-697F-4C16-A89B-4348CC2759B7}.Release|Any CPU.ActiveCfg = Release|Any CPU
		{830BEEC1-697F-4C16-A89B-4348CC2759B7}.Release|Any CPU.Build.0 = Release|Any CPU
	EndGlobalSection
	GlobalSection(SolutionProperties) = preSolution
		HideSolutionNode = FALSE
	EndGlobalSection
	GlobalSection(ExtensibilityGlobals) = postSolution
		SolutionGuid = {4004A5FE-2D11-484A-8F14-97363F8A09C5}
	EndGlobalSection
EndGlobal
